<?xml version="1.0" encoding="utf-8"?>
<Project ToolsVersion="4.0" xmlns="http://schemas.microsoft.com/developer/msbuild/2003">
  <ItemGroup>
    <Filter Include="Source Files">
      <UniqueIdentifier>{4FC737F1-C7A5-4376-A066-2A32D752A2FF}</UniqueIdentifier>
      <Extensions>cpp;c;cc;cxx;def;odl;idl;hpj;bat;asm;asmx</Extensions>
    </Filter>
    <Filter Include="Header Files">
      <UniqueIdentifier>{93995380-89BD-4b04-88EB-625FBE52EBFB}</UniqueIdentifier>
      <Extensions>h;hh;hpp;hxx;hm;inl;inc;ipp;xsd</Extensions>
    </Filter>
    <Filter Include="Resource Files">
      <UniqueIdentifier>{67DA6AB6-F800-4c08-8B7A-83BB121AAD01}</UniqueIdentifier>
      <Extensions>rc;ico;cur;bmp;dlg;rc2;rct;bin;rgs;gif;jpg;jpeg;jpe;resx;tiff;tif;png;wav;mfcribbon-ms</Extensions>
    </Filter>
    <Filter Include="Tests">
      <UniqueIdentifier>{acfbf04c-f541-498a-9aba-4b43292b0525}</UniqueIdentifier>
    </Filter>
  </ItemGroup>
  <ItemGroup>
    <ClCompile Include="NHLib_Test.cpp">
      <Filter>Source Files</Filter>
    </ClCompile>
    <ClCompile Include="Network.cpp">
      <Filter>Source Files</Filter>
    </ClCompile>
    <ClCompile Include="Router.cpp">
      <Filter>Source Files</Filter>
    </ClCompile>
  </ItemGroup>
  <ItemGroup>
    <ResourceCompile Include="..\Common\Version.rc">
      <Filter>Resource Files</Filter>
    </ResourceCompile>
  </ItemGroup>
  <ItemGroup>
    <Text Include="Tests\Test_0_Router_0.txt">
      <Filter>Tests</Filter>
    </Text>
    <Text Include="Tests\Test_1_Router_0.txt">
      <Filter>Tests</Filter>
    </Text>
    <Text Include="Tests\Test_2_Router_0.txt">
      <Filter>Tests</Filter>
    </Text>
    <Text Include="Tests\Test_2_Router_1.txt">
      <Filter>Tests</Filter>
    </Text>
    <Text Include="Tests\Test_3_Router_0.txt">
      <Filter>Tests</Filter>
    </Text>
    <Text Include="Tests\Test_3_Router_1.txt">
      <Filter>Tests</Filter>
    </Text>
    <Text Include="Tests\Test_3_Router_2.txt">
      <Filter>Tests</Filter>
    </Text>
    <Text Include="Tests\Test_4_Router_0.txt">
      <Filter>Tests</Filter>
    </Text>
    <Text Include="Tests\Test_4_Router_1.txt">
      <Filter>Tests</Filter>
    </Text>
    <Text Include="Tests\Test_4_Router_2.txt">
      <Filter>Tests</Filter>
    </Text>
    <Text Include="Tests\Test_4_Router_3.txt">
      <Filter>Tests</Filter>
    </Text>
    <Text Include="Tests\Test_5_Router_0.txt">
      <Filter>Tests</Filter>
    </Text>
    <Text Include="Tests\Test_5_Router_1.txt">
      <Filter>Tests</Filter>
    </Text>
    <Text Include="Tests\Test_5_Router_2.txt">
      <Filter>Tests</Filter>
    </Text>
    <Text Include="Tests\Test_5_Router_3.txt">
      <Filter>Tests</Filter>
    </Text>
    <Text Include="Tests\Test_5_Router_4.txt">
      <Filter>Tests</Filter>
    </Text>
    <Text Include="Tests\Test_5_Router_5.txt">
      <Filter>Tests</Filter>
    </Text>
    <Text Include="Tests\Test_6_Router_0.txt">
      <Filter>Tests</Filter>
    </Text>
    <Text Include="Tests\Test_7_Router_0.txt">
      <Filter>Tests</Filter>
    </Text>
    <Text Include="Tests\Test_ip_access-list.txt">
      <Filter>Tests</Filter>
    </Text>
    <Text Include="Tests\Test_ip_dhcp_pool.txt">
      <Filter>Tests</Filter>
    </Text>
    <Text Include="Tests\Test_ip_route.txt">
      <Filter>Tests</Filter>
    </Text>
    <Text Include="Tests\Test_interface.txt">
      <Filter>Tests</Filter>
    </Text>
    <Text Include="Tests\Test_ip_routing.txt">
      <Filter>Tests</Filter>
    </Text>
  </ItemGroup>
</Project>